// !$*UTF8*$!
{
	archiveVersion = 1;
	classes = {
	};
	objectVersion = 46;
	objects = {

/* Begin PBXBuildFile section */
		A38E7DBB1AF5FF4700812FA7 /* AppDelegate.swift in Sources */ = {isa = PBXBuildFile; fileRef = A38E7DBA1AF5FF4700812FA7 /* AppDelegate.swift */; };
		A38E7DBD1AF5FF4700812FA7 /* ViewController.swift in Sources */ = {isa = PBXBuildFile; fileRef = A38E7DBC1AF5FF4700812FA7 /* ViewController.swift */; };
		A38E7DC01AF5FF4700812FA7 /* Main.storyboard in Resources */ = {isa = PBXBuildFile; fileRef = A38E7DBE1AF5FF4700812FA7 /* Main.storyboard */; };
		A38E7DC21AF5FF4700812FA7 /* Images.xcassets in Resources */ = {isa = PBXBuildFile; fileRef = A38E7DC11AF5FF4700812FA7 /* Images.xcassets */; };
		A38E7DC51AF5FF4700812FA7 /* LaunchScreen.xib in Resources */ = {isa = PBXBuildFile; fileRef = A38E7DC31AF5FF4700812FA7 /* LaunchScreen.xib */; };
		A38E7DD11AF5FF4700812FA7 /* ReplaceValuesDemoTests.swift in Sources */ = {isa = PBXBuildFile; fileRef = A38E7DD01AF5FF4700812FA7 /* ReplaceValuesDemoTests.swift */; };
		A38E7DDE1AF603AF00812FA7 /* NSDictionaryReplaceValue.swift in Sources */ = {isa = PBXBuildFile; fileRef = A38E7DDD1AF603AF00812FA7 /* NSDictionaryReplaceValue.swift */; };
		A38E7DE01AF603C500812FA7 /* NSArrayReplaceValue.swift in Sources */ = {isa = PBXBuildFile; fileRef = A38E7DDF1AF603C500812FA7 /* NSArrayReplaceValue.swift */; };
/* End PBXBuildFile section */

/* Begin PBXContainerItemProxy section */
		A38E7DCB1AF5FF4700812FA7 /* PBXContainerItemProxy */ = {
			isa = PBXContainerItemProxy;
			containerPortal = A38E7DAD1AF5FF4700812FA7 /* Project object */;
			proxyType = 1;
			remoteGlobalIDString = A38E7DB41AF5FF4700812FA7;
			remoteInfo = ReplaceValuesDemo;
		};
/* End PBXContainerItemProxy section */

/* Begin PBXFileReference section */
		A38E7DB51AF5FF4700812FA7 /* ReplaceValuesDemo.app */ = {isa = PBXFileReference; explicitFileType = wrapper.application; includeInIndex = 0; path = ReplaceValuesDemo.app; sourceTree = BUILT_PRODUCTS_DIR; };
		A38E7DB91AF5FF4700812FA7 /* Info.plist */ = {isa = PBXFileReference; lastKnownFileType = text.plist.xml; path = Info.plist; sourceTree = "<group>"; };
		A38E7DBA1AF5FF4700812FA7 /* AppDelegate.swift */ = {isa = PBXFileReference; lastKnownFileType = sourcecode.swift; path = AppDelegate.swift; sourceTree = "<group>"; };
		A38E7DBC1AF5FF4700812FA7 /* ViewController.swift */ = {isa = PBXFileReference; lastKnownFileType = sourcecode.swift; path = ViewController.swift; sourceTree = "<group>"; };
		A38E7DBF1AF5FF4700812FA7 /* Base */ = {isa = PBXFileReference; lastKnownFileType = file.storyboard; name = Base; path = Base.lproj/Main.storyboard; sourceTree = "<group>"; };
		A38E7DC11AF5FF4700812FA7 /* Images.xcassets */ = {isa = PBXFileReference; lastKnownFileType = folder.assetcatalog; path = Images.xcassets; sourceTree = "<group>"; };
		A38E7DC41AF5FF4700812FA7 /* Base */ = {isa = PBXFileReference; lastKnownFileType = file.xib; name = Base; path = Base.lproj/LaunchScreen.xib; sourceTree = "<group>"; };
		A38E7DCA1AF5FF4700812FA7 /* ReplaceValuesDemoTests.xctest */ = {isa = PBXFileReference; explicitFileType = wrapper.cfbundle; includeInIndex = 0; path = ReplaceValuesDemoTests.xctest; sourceTree = BUILT_PRODUCTS_DIR; };
		A38E7DCF1AF5FF4700812FA7 /* Info.plist */ = {isa = PBXFileReference; lastKnownFileType = text.plist.xml; path = Info.plist; sourceTree = "<group>"; };
		A38E7DD01AF5FF4700812FA7 /* ReplaceValuesDemoTests.swift */ = {isa = PBXFileReference; lastKnownFileType = sourcecode.swift; path = ReplaceValuesDemoTests.swift; sourceTree = "<group>"; };
		A38E7DDD1AF603AF00812FA7 /* NSDictionaryReplaceValue.swift */ = {isa = PBXFileReference; fileEncoding = 4; lastKnownFileType = sourcecode.swift; path = NSDictionaryReplaceValue.swift; sourceTree = "<group>"; };
		A38E7DDF1AF603C500812FA7 /* NSArrayReplaceValue.swift */ = {isa = PBXFileReference; fileEncoding = 4; lastKnownFileType = sourcecode.swift; path = NSArrayReplaceValue.swift; sourceTree = "<group>"; };
/* End PBXFileReference section */

/* Begin PBXFrameworksBuildPhase section */
		A38E7DB21AF5FF4700812FA7 /* Frameworks */ = {
			isa = PBXFrameworksBuildPhase;
			buildActionMask = 2147483647;
			files = (
			);
			runOnlyForDeploymentPostprocessing = 0;
		};
		A38E7DC71AF5FF4700812FA7 /* Frameworks */ = {
			isa = PBXFrameworksBuildPhase;
			buildActionMask = 2147483647;
			files = (
			);
			runOnlyForDeploymentPostprocessing = 0;
		};
/* End PBXFrameworksBuildPhase section */

/* Begin PBXGroup section */
		A38E7DAC1AF5FF4700812FA7 = {
			isa = PBXGroup;
			children = (
				A38E7DB71AF5FF4700812FA7 /* ReplaceValuesDemo */,
				A38E7DCD1AF5FF4700812FA7 /* ReplaceValuesDemoTests */,
				A38E7DB61AF5FF4700812FA7 /* Products */,
			);
			sourceTree = "<group>";
		};
		A38E7DB61AF5FF4700812FA7 /* Products */ = {
			isa = PBXGroup;
			children = (
				A38E7DB51AF5FF4700812FA7 /* ReplaceValuesDemo.app */,
				A38E7DCA1AF5FF4700812FA7 /* ReplaceValuesDemoTests.xctest */,
			);
			name = Products;
			sourceTree = "<group>";
		};
		A38E7DB71AF5FF4700812FA7 /* ReplaceValuesDemo */ = {
			isa = PBXGroup;
			children = (
				A38E7DDA1AF6039200812FA7 /* Extensions */,
				A38E7DBA1AF5FF4700812FA7 /* AppDelegate.swift */,
				A38E7DBC1AF5FF4700812FA7 /* ViewController.swift */,
				A38E7DBE1AF5FF4700812FA7 /* Main.storyboard */,
				A38E7DC11AF5FF4700812FA7 /* Images.xcassets */,
				A38E7DC31AF5FF4700812FA7 /* LaunchScreen.xib */,
				A38E7DB81AF5FF4700812FA7 /* Supporting Files */,
			);
			path = ReplaceValuesDemo;
			sourceTree = "<group>";
		};
		A38E7DB81AF5FF4700812FA7 /* Supporting Files */ = {
			isa = PBXGroup;
			children = (
				A38E7DB91AF5FF4700812FA7 /* Info.plist */,
			);
			name = "Supporting Files";
			sourceTree = "<group>";
		};
		A38E7DCD1AF5FF4700812FA7 /* ReplaceValuesDemoTests */ = {
			isa = PBXGroup;
			children = (
				A38E7DD01AF5FF4700812FA7 /* ReplaceValuesDemoTests.swift */,
				A38E7DCE1AF5FF4700812FA7 /* Supporting Files */,
			);
			path = ReplaceValuesDemoTests;
			sourceTree = "<group>";
		};
		A38E7DCE1AF5FF4700812FA7 /* Supporting Files */ = {
			isa = PBXGroup;
			children = (
				A38E7DCF1AF5FF4700812FA7 /* Info.plist */,
			);
			name = "Supporting Files";
			sourceTree = "<group>";
		};
		A38E7DDA1AF6039200812FA7 /* Extensions */ = {
			isa = PBXGroup;
			children = (
				A38E7DDB1AF6039200812FA7 /* NSArray */,
				A38E7DDC1AF6039200812FA7 /* NSDictionary */,
			);
			path = Extensions;
			sourceTree = "<group>";
		};
		A38E7DDB1AF6039200812FA7 /* NSArray */ = {
			isa = PBXGroup;
			children = (
				A38E7DDF1AF603C500812FA7 /* NSArrayReplaceValue.swift */,
			);
			path = NSArray;
			sourceTree = "<group>";
		};
		A38E7DDC1AF6039200812FA7 /* NSDictionary */ = {
			isa = PBXGroup;
			children = (
				A38E7DDD1AF603AF00812FA7 /* NSDictionaryReplaceValue.swift */,
			);
			path = NSDictionary;
			sourceTree = "<group>";
		};
/* End PBXGroup section */

/* Begin PBXNativeTarget section */
		A38E7DB41AF5FF4700812FA7 /* ReplaceValuesDemo */ = {
			isa = PBXNativeTarget;
			buildConfigurationList = A38E7DD41AF5FF4700812FA7 /* Build configuration list for PBXNativeTarget "ReplaceValuesDemo" */;
			buildPhases = (
				A38E7DB11AF5FF4700812FA7 /* Sources */,
				A38E7DB21AF5FF4700812FA7 /* Frameworks */,
				A38E7DB31AF5FF4700812FA7 /* Resources */,
			);
			buildRules = (
			);
			dependencies = (
			);
			name = ReplaceValuesDemo;
			productName = ReplaceValuesDemo;
			productReference = A38E7DB51AF5FF4700812FA7 /* ReplaceValuesDemo.app */;
			productType = "com.apple.product-type.application";
		};
		A38E7DC91AF5FF4700812FA7 /* ReplaceValuesDemoTests */ = {
			isa = PBXNativeTarget;
			buildConfigurationList = A38E7DD71AF5FF4700812FA7 /* Build configuration list for PBXNativeTarget "ReplaceValuesDemoTests" */;
			buildPhases = (
				A38E7DC61AF5FF4700812FA7 /* Sources */,
				A38E7DC71AF5FF4700812FA7 /* Frameworks */,
				A38E7DC81AF5FF4700812FA7 /* Resources */,
			);
			buildRules = (
			);
			dependencies = (
				A38E7DCC1AF5FF4700812FA7 /* PBXTargetDependency */,
			);
			name = ReplaceValuesDemoTests;
			productName = ReplaceValuesDemoTests;
			productReference = A38E7DCA1AF5FF4700812FA7 /* ReplaceValuesDemoTests.xctest */;
			productType = "com.apple.product-type.bundle.unit-test";
		};
/* End PBXNativeTarget section */

/* Begin PBXProject section */
		A38E7DAD1AF5FF4700812FA7 /* Project object */ = {
			isa = PBXProject;
			attributes = {
				LastUpgradeCheck = 0630;
				ORGANIZATIONNAME = "Ashish Parab";
				TargetAttributes = {
					A38E7DB41AF5FF4700812FA7 = {
						CreatedOnToolsVersion = 6.3;
					};
					A38E7DC91AF5FF4700812FA7 = {
						CreatedOnToolsVersion = 6.3;
						TestTargetID = A38E7DB41AF5FF4700812FA7;
					};
				};
			};
			buildConfigurationList = A38E7DB01AF5FF4700812FA7 /* Build configuration list for PBXProject "ReplaceValuesDemo" */;
			compatibilityVersion = "Xcode 3.2";
			developmentRegion = English;
			hasScannedForEncodings = 0;
			knownRegions = (
				en,
				Base,
			);
			mainGroup = A38E7DAC1AF5FF4700812FA7;
			productRefGroup = A38E7DB61AF5FF4700812FA7 /* Products */;
			projectDirPath = "";
			projectRoot = "";
			targets = (
				A38E7DB41AF5FF4700812FA7 /* ReplaceValuesDemo */,
				A38E7DC91AF5FF4700812FA7 /* ReplaceValuesDemoTests */,
			);
		};
/* End PBXProject section */

/* Begin PBXResourcesBuildPhase section */
		A38E7DB31AF5FF4700812FA7 /* Resources */ = {
			isa = PBXResourcesBuildPhase;
			buildActionMask = 2147483647;
			files = (
				A38E7DC01AF5FF4700812FA7 /* Main.storyboard in Resources */,
				A38E7DC51AF5FF4700812FA7 /* LaunchScreen.xib in Resources */,
				A38E7DC21AF5FF4700812FA7 /* Images.xcassets in Resources */,
			);
			runOnlyForDeploymentPostprocessing = 0;
		};
		A38E7DC81AF5FF4700812FA7 /* Resources */ = {
			isa = PBXResourcesBuildPhase;
			buildActionMask = 2147483647;
			files = (
			);
			runOnlyForDeploymentPostprocessing = 0;
		};
/* End PBXResourcesBuildPhase section */

/* Begin PBXSourcesBuildPhase section */
		A38E7DB11AF5FF4700812FA7 /* Sources */ = {
			isa = PBXSourcesBuildPhase;
			buildActionMask = 2147483647;
			files = (
				A38E7DDE1AF603AF00812FA7 /* NSDictionaryReplaceValue.swift in Sources */,
				A38E7DE01AF603C500812FA7 /* NSArrayReplaceValue.swift in Sources */,
				A38E7DBD1AF5FF4700812FA7 /* ViewController.swift in Sources */,
				A38E7DBB1AF5FF4700812FA7 /* AppDelegate.swift in Sources */,
			);
			runOnlyForDeploymentPostprocessing = 0;
		};
		A38E7DC61AF5FF4700812FA7 /* Sources */ = {
			isa = PBXSourcesBuildPhase;
			buildActionMask = 2147483647;
			files = (
				A38E7DD11AF5FF4700812FA7 /* ReplaceValuesDemoTests.swift in Sources */,
			);
			runOnlyForDeploymentPostprocessing = 0;
		};
/* End PBXSourcesBuildPhase section */

/* Begin PBXTargetDependency section */
		A38E7DCC1AF5FF4700812FA7 /* PBXTargetDependency */ = {
			isa = PBXTargetDependency;
			target = A38E7DB41AF5FF4700812FA7 /* ReplaceValuesDemo */;
			targetProxy = A38E7DCB1AF5FF4700812FA7 /* PBXContainerItemProxy */;
		};
/* End PBXTargetDependency section */

/* Begin PBXVariantGroup section */
		A38E7DBE1AF5FF4700812FA7 /* Main.storyboard */ = {
			isa = PBXVariantGroup;
			children = (
				A38E7DBF1AF5FF4700812FA7 /* Base */,
			);
			name = Main.storyboard;
			sourceTree = "<group>";
		};
		A38E7DC31AF5FF4700812FA7 /* LaunchScreen.xib */ = {
			isa = PBXVariantGroup;
			children = (
				A38E7DC41AF5FF4700812FA7 /* Base */,
			);
			name = LaunchScreen.xib;
			sourceTree = "<group>";
		};
/* End PBXVariantGroup section */

/* Begin XCBuildConfiguration section */
		A38E7DD21AF5FF4700812FA7 /* Debug */ = {
			isa = XCBuildConfiguration;
			buildSettings = {
				ALWAYS_SEARCH_USER_PATHS = NO;
				CLANG_CXX_LANGUAGE_STANDARD = "gnu++0x";
				CLANG_CXX_LIBRARY = "libc++";
				CLANG_ENABLE_MODULES = YES;
				CLANG_ENABLE_OBJC_ARC = YES;
				CLANG_WARN_BOOL_CONVERSION = YES;
				CLANG_WARN_CONSTANT_CONVERSION = YES;
				CLANG_WARN_DIRECT_OBJC_ISA_USAGE = YES_ERROR;
				CLANG_WARN_EMPTY_BODY = YES;
				CLANG_WARN_ENUM_CONVERSION = YES;
				CLANG_WARN_INT_CONVERSION = YES;
				CLANG_WARN_OBJC_ROOT_CLASS = YES_ERROR;
				CLANG_WARN_UNREACHABLE_CODE = YES;
				CLANG_WARN__DUPLICATE_METHOD_MATCH = YES;
				"CODE_SIGN_IDENTITY[sdk=iphoneos*]" = "iPhone Developer";
				COPY_PHASE_STRIP = NO;
				DEBUG_INFORMATION_FORMAT = "dwarf-with-dsym";
				ENABLE_STRICT_OBJC_MSGSEND = YES;
				GCC_C_LANGUAGE_STANDARD = gnu99;
				GCC_DYNAMIC_NO_PIC = NO;
				GCC_NO_COMMON_BLOCKS = YES;
				GCC_OPTIMIZATION_LEVEL = 0;
				GCC_PREPROCESSOR_DEFINITIONS = (
					"DEBUG=1",
					"$(inherited)",
				);
				GCC_SYMBOLS_PRIVATE_EXTERN = NO;
				GCC_WARN_64_TO_32_BIT_CONVERSION = YES;
				GCC_WARN_ABOUT_RETURN_TYPE = YES_ERROR;
				GCC_WARN_UNDECLARED_SELECTOR = YES;
				GCC_WARN_UNINITIALIZED_AUTOS = YES_AGGRESSIVE;
				GCC_WARN_UNUSED_FUNCTION = YES;
				GCC_WARN_UNUSED_VARIABLE = YES;
				IPHONEOS_DEPLOYMENT_TARGET = 8.3;
				MTL_ENABLE_DEBUG_INFO = YES;
				ONLY_ACTIVE_ARCH = YES;
				SDKROOT = iphoneos;
				SWIFT_OPTIMIZATION_LEVEL = "-Onone";
				TARGETED_DEVICE_FAMILY = "1,2";
			};
			name = Debug;
		};
		A38E7DD31AF5FF4700812FA7 /* Release */ = {
			isa = XCBuildConfiguration;
			buildSettings = {
				ALWAYS_SEARCH_USER_PATHS = NO;
				CLANG_CXX_LANGUAGE_STANDARD = "gnu++0x";
				CLANG_CXX_LIBRARY = "libc++";
				CLANG_ENABLE_MODULES = YES;
				CLANG_ENABLE_OBJC_ARC = YES;
				CLANG_WARN_BOOL_CONVERSION = YES;
				CLANG_WARN_CONSTANT_CONVERSION = YES;
				CLANG_WARN_DIRECT_OBJC_ISA_USAGE = YES_ERROR;
				CLANG_WARN_EMPTY_BODY = YES;
				CLANG_WARN_ENUM_CONVERSION = YES;
				CLANG_WARN_INT_CONVERSION = YES;
				CLANG_WARN_OBJC_ROOT_CLASS = YES_ERROR;
				CLANG_WARN_UNREACHABLE_CODE = YES;
				CLANG_WARN__DUPLICATE_METHOD_MATCH = YES;
				"CODE_SIGN_IDENTITY[sdk=iphoneos*]" = "iPhone Developer";
				COPY_PHASE_STRIP = NO;
				DEBUG_INFORMATION_FORMAT = "dwarf-with-dsym";
				ENABLE_NS_ASSERTIONS = NO;
				ENABLE_STRICT_OBJC_MSGSEND = YES;
				GCC_C_LANGUAGE_STANDARD = gnu99;
				GCC_NO_COMMON_BLOCKS = YES;
				GCC_WARN_64_TO_32_BIT_CONVERSION = YES;
				GCC_WARN_ABOUT_RETURN_TYPE = YES_ERROR;
				GCC_WARN_UNDECLARED_SELECTOR = YES;
				GCC_WARN_UNINITIALIZED_AUTOS = YES_AGGRESSIVE;
				GCC_WARN_UNUSED_FUNCTION = YES;
				GCC_WARN_UNUSED_VARIABLE = YES;
				IPHONEOS_DEPLOYMENT_TARGET = 8.3;
				MTL_ENABLE_DEBUG_INFO = NO;
				SDKROOT = iphoneos;
				TARGETED_DEVICE_FAMILY = "1,2";
				VALIDATE_PRODUCT = YES;
			};
			name = Release;
		};
		A38E7DD51AF5FF4700812FA7 /* Debug */ = {
			isa = XCBuildConfiguration;
			buildSettings = {
				ASSETCATALOG_COMPILER_APPICON_NAME = AppIcon;
				INFOPLIST_FILE = ReplaceValuesDemo/Info.plist;
				LD_RUNPATH_SEARCH_PATHS = "$(inherited) @executable_path/Frameworks";
				PRODUCT_NAME = "$(TARGET_NAME)";
			};
			name = Debug;
		};
		A38E7DD61AF5FF4700812FA7 /* Release */ = {
			isa = XCBuildConfiguration;
			buildSettings = {
				ASSETCATALOG_COMPILER_APPICON_NAME = AppIcon;
				INFOPLIST_FILE = ReplaceValuesDemo/Info.plist;
				LD_RUNPATH_SEARCH_PATHS = "$(inherited) @executable_path/Frameworks";
				PRODUCT_NAME = "$(TARGET_NAME)";
			};
			name = Release;
		};
		A38E7DD81AF5FF4700812FA7 /* Debug */ = {
			isa = XCBuildConfiguration;
			buildSettings = {
				BUNDLE_LOADER = "$(TEST_HOST)";
				FRAMEWORK_SEARCH_PATHS = (
					"$(SDKROOT)/Developer/Library/Frameworks",
					"$(inherited)",
				);
				GCC_PREPROCESSOR_DEFINITIONS = (
					"DEBUG=1",
					"$(inherited)",
				);
				INFOPLIST_FILE = ReplaceValuesDemoTests/Info.plist;
				LD_RUNPATH_SEARCH_PATHS = "$(inherited) @executable_path/Frameworks @loader_path/Frameworks";
				PRODUCT_NAME = "$(TARGET_NAME)";
				TEST_HOST = "$(BUILT_PRODUCTS_DIR)/ReplaceValuesDemo.app/ReplaceValuesDemo";
			};
			name = Debug;
		};
		A38E7DD91AF5FF4700812FA7 /* Release */ = {
			isa = XCBuildConfiguration;
			buildSettings = {
				BUNDLE_LOADER = "$(TEST_HOST)";
				FRAMEWORK_SEARCH_PATHS = (
					"$(SDKROOT)/Developer/Library/Frameworks",
					"$(inherited)",
				);
				INFOPLIST_FILE = ReplaceValuesDemoTests/Info.plist;
				LD_RUNPATH_SEARCH_PATHS = "$(inherited) @executable_path/Frameworks @loader_path/Frameworks";
				PRODUCT_NAME = "$(TARGET_NAME)";
				TEST_HOST = "$(BUILT_PRODUCTS_DIR)/ReplaceValuesDemo.app/ReplaceValuesDemo";
			};
			name = Release;
		};
/* End XCBuildConfiguration section */

/* Begin XCConfigurationList section */
		A38E7DB01AF5FF4700812FA7 /* Build configuration list for PBXProject "ReplaceValuesDemo" */ = {
			isa = XCConfigurationList;
			buildConfigurations = (
				A38E7DD21AF5FF4700812FA7 /* Debug */,
				A38E7DD31AF5FF4700812FA7 /* Release */,
			);
			defaultConfigurationIsVisible = 0;
			defaultConfigurationName = Release;
		};
		A38E7DD41AF5FF4700812FA7 /* Build configuration list for PBXNativeTarget "ReplaceValuesDemo" */ = {
			isa = XCConfigurationList;
			buildConfigurations = (
				A38E7DD51AF5FF4700812FA7 /* Debug */,
				A38E7DD61AF5FF4700812FA7 /* Release */,
			);
			defaultConfigurationIsVisible = 0;
		};
		A38E7DD71AF5FF4700812FA7 /* Build configuration list for PBXNativeTarget "ReplaceValuesDemoTests" */ = {
			isa = XCConfigurationList;
			buildConfigurations = (
				A38E7DD81AF5FF4700812FA7 /* Debug */,
				A38E7DD91AF5FF4700812FA7 /* Release */,
			);
			defaultConfigurationIsVisible = 0;
		};
/* End XCConfigurationList section */
	};
	rootObject = A38E7DAD1AF5FF4700812FA7 /* Project object */;
}
